// !$*UTF8*$!
{
	archiveVersion = 1;
	classes = {
	};
	objectVersion = 50;
	objects = {

/* Begin PBXBuildFile section */
		2ABA314F991C31F9B7E9BAC2 /* Pods_EcoDrop.framework in Frameworks */ = {isa = PBXBuildFile; fileRef = 751AD1A2810736E3818A77CF /* Pods_EcoDrop.framework */; };
		F903D948224F3FDC0082B7E9 /* GoogleService-Info.plist in Resources */ = {isa = PBXBuildFile; fileRef = F903D947224F3FDB0082B7E9 /* GoogleService-Info.plist */; };
		F929CE29224F15CB0080ACE3 /* AppDelegate.swift in Sources */ = {isa = PBXBuildFile; fileRef = F929CE28224F15CB0080ACE3 /* AppDelegate.swift */; };
		F929CE2B224F15CB0080ACE3 /* ViewController.swift in Sources */ = {isa = PBXBuildFile; fileRef = F929CE2A224F15CB0080ACE3 /* ViewController.swift */; };
		F929CE2E224F15CB0080ACE3 /* Main.storyboard in Resources */ = {isa = PBXBuildFile; fileRef = F929CE2C224F15CB0080ACE3 /* Main.storyboard */; };
		F929CE30224F15CE0080ACE3 /* Assets.xcassets in Resources */ = {isa = PBXBuildFile; fileRef = F929CE2F224F15CE0080ACE3 /* Assets.xcassets */; };
		F929CE33224F15CE0080ACE3 /* LaunchScreen.storyboard in Resources */ = {isa = PBXBuildFile; fileRef = F929CE31224F15CE0080ACE3 /* LaunchScreen.storyboard */; };
		F9E1BC43224F8A7700DB0B0C /* SignUPViewController.swift in Sources */ = {isa = PBXBuildFile; fileRef = F9E1BC42224F8A7700DB0B0C /* SignUPViewController.swift */; };
		F9EF9B46224FFCF10084DA39 /* StartViewController.swift in Sources */ = {isa = PBXBuildFile; fileRef = F9EF9B45224FFCF10084DA39 /* StartViewController.swift */; };
/* End PBXBuildFile section */

/* Begin PBXFileReference section */
		470E8CBF724019D221F2C442 /* Pods-EcoDrop.release.xcconfig */ = {isa = PBXFileReference; includeInIndex = 1; lastKnownFileType = text.xcconfig; name = "Pods-EcoDrop.release.xcconfig"; path = "Pods/Target Support Files/Pods-EcoDrop/Pods-EcoDrop.release.xcconfig"; sourceTree = "<group>"; };
		629443D072579E549FB5C3C0 /* Pods-EcoDrop.debug.xcconfig */ = {isa = PBXFileReference; includeInIndex = 1; lastKnownFileType = text.xcconfig; name = "Pods-EcoDrop.debug.xcconfig"; path = "Pods/Target Support Files/Pods-EcoDrop/Pods-EcoDrop.debug.xcconfig"; sourceTree = "<group>"; };
		751AD1A2810736E3818A77CF /* Pods_EcoDrop.framework */ = {isa = PBXFileReference; explicitFileType = wrapper.framework; includeInIndex = 0; path = Pods_EcoDrop.framework; sourceTree = BUILT_PRODUCTS_DIR; };
		F903D947224F3FDB0082B7E9 /* GoogleService-Info.plist */ = {isa = PBXFileReference; fileEncoding = 4; lastKnownFileType = text.plist.xml; path = "GoogleService-Info.plist"; sourceTree = "<group>"; };
		F929CE25224F15CB0080ACE3 /* EcoDrop.app */ = {isa = PBXFileReference; explicitFileType = wrapper.application; includeInIndex = 0; path = EcoDrop.app; sourceTree = BUILT_PRODUCTS_DIR; };
		F929CE28224F15CB0080ACE3 /* AppDelegate.swift */ = {isa = PBXFileReference; lastKnownFileType = sourcecode.swift; path = AppDelegate.swift; sourceTree = "<group>"; };
		F929CE2A224F15CB0080ACE3 /* ViewController.swift */ = {isa = PBXFileReference; lastKnownFileType = sourcecode.swift; path = ViewController.swift; sourceTree = "<group>"; };
		F929CE2D224F15CB0080ACE3 /* Base */ = {isa = PBXFileReference; lastKnownFileType = file.storyboard; name = Base; path = Base.lproj/Main.storyboard; sourceTree = "<group>"; };
		F929CE2F224F15CE0080ACE3 /* Assets.xcassets */ = {isa = PBXFileReference; lastKnownFileType = folder.assetcatalog; path = Assets.xcassets; sourceTree = "<group>"; };
		F929CE32224F15CE0080ACE3 /* Base */ = {isa = PBXFileReference; lastKnownFileType = file.storyboard; name = Base; path = Base.lproj/LaunchScreen.storyboard; sourceTree = "<group>"; };
		F929CE34224F15CE0080ACE3 /* Info.plist */ = {isa = PBXFileReference; lastKnownFileType = text.plist.xml; path = Info.plist; sourceTree = "<group>"; };
		F9E1BC42224F8A7700DB0B0C /* SignUPViewController.swift */ = {isa = PBXFileReference; lastKnownFileType = sourcecode.swift; path = SignUPViewController.swift; sourceTree = "<group>"; };
		F9EF9B45224FFCF10084DA39 /* StartViewController.swift */ = {isa = PBXFileReference; lastKnownFileType = sourcecode.swift; name = StartViewController.swift; path = ../StartViewController.swift; sourceTree = "<group>"; };
/* End PBXFileReference section */

/* Begin PBXFrameworksBuildPhase section */
		F929CE22224F15CB0080ACE3 /* Frameworks */ = {
			isa = PBXFrameworksBuildPhase;
			buildActionMask = 2147483647;
			files = (
				2ABA314F991C31F9B7E9BAC2 /* Pods_EcoDrop.framework in Frameworks */,
			);
			runOnlyForDeploymentPostprocessing = 0;
		};
/* End PBXFrameworksBuildPhase section */

/* Begin PBXGroup section */
		22FF72686A046A8080E92132 /* Pods */ = {
			isa = PBXGroup;
			children = (
				629443D072579E549FB5C3C0 /* Pods-EcoDrop.debug.xcconfig */,
				470E8CBF724019D221F2C442 /* Pods-EcoDrop.release.xcconfig */,
			);
			name = Pods;
			sourceTree = "<group>";
		};
		633346DA7A883E3F83F1FFC6 /* Frameworks */ = {
			isa = PBXGroup;
			children = (
				751AD1A2810736E3818A77CF /* Pods_EcoDrop.framework */,
			);
			name = Frameworks;
			sourceTree = "<group>";
		};
		F929CE1C224F15CB0080ACE3 = {
			isa = PBXGroup;
			children = (
				F929CE27224F15CB0080ACE3 /* EcoDrop */,
				F929CE26224F15CB0080ACE3 /* Products */,
				22FF72686A046A8080E92132 /* Pods */,
				633346DA7A883E3F83F1FFC6 /* Frameworks */,
			);
			sourceTree = "<group>";
		};
		F929CE26224F15CB0080ACE3 /* Products */ = {
			isa = PBXGroup;
			children = (
				F929CE25224F15CB0080ACE3 /* EcoDrop.app */,
			);
			name = Products;
			sourceTree = "<group>";
		};
		F929CE27224F15CB0080ACE3 /* EcoDrop */ = {
			isa = PBXGroup;
			children = (
				F9EF9B45224FFCF10084DA39 /* StartViewController.swift */,
				F929CE28224F15CB0080ACE3 /* AppDelegate.swift */,
				F929CE2A224F15CB0080ACE3 /* ViewController.swift */,
				F929CE2C224F15CB0080ACE3 /* Main.storyboard */,
				F9E1BC42224F8A7700DB0B0C /* SignUPViewController.swift */,
				F929CE2F224F15CE0080ACE3 /* Assets.xcassets */,
				F929CE31224F15CE0080ACE3 /* LaunchScreen.storyboard */,
				F929CE34224F15CE0080ACE3 /* Info.plist */,
				F903D947224F3FDB0082B7E9 /* GoogleService-Info.plist */,
			);
			path = EcoDrop;
			sourceTree = "<group>";
		};
/* End PBXGroup section */

/* Begin PBXNativeTarget section */
		F929CE24224F15CB0080ACE3 /* EcoDrop */ = {
			isa = PBXNativeTarget;
			buildConfigurationList = F929CE37224F15CE0080ACE3 /* Build configuration list for PBXNativeTarget "EcoDrop" */;
			buildPhases = (
				5DCCFB1A9478551404B63B27 /* [CP] Check Pods Manifest.lock */,
				F929CE21224F15CB0080ACE3 /* Sources */,
				F929CE22224F15CB0080ACE3 /* Frameworks */,
				F929CE23224F15CB0080ACE3 /* Resources */,
				105E947928CF4CD567A6EA13 /* [CP] Embed Pods Frameworks */,
			);
			buildRules = (
			);
			dependencies = (
			);
			name = EcoDrop;
			productName = EcoDrop;
			productReference = F929CE25224F15CB0080ACE3 /* EcoDrop.app */;
			productType = "com.apple.product-type.application";
		};
/* End PBXNativeTarget section */

/* Begin PBXProject section */
		F929CE1D224F15CB0080ACE3 /* Project object */ = {
			isa = PBXProject;
			attributes = {
				LastSwiftUpdateCheck = 1010;
				LastUpgradeCheck = 1010;
				ORGANIZATIONNAME = CodeWithEcoDrop;
				TargetAttributes = {
					F929CE24224F15CB0080ACE3 = {
						CreatedOnToolsVersion = 10.1;
					};
				};
			};
			buildConfigurationList = F929CE20224F15CB0080ACE3 /* Build configuration list for PBXProject "EcoDrop" */;
			compatibilityVersion = "Xcode 9.3";
			developmentRegion = en;
			hasScannedForEncodings = 0;
			knownRegions = (
				en,
				Base,
			);
			mainGroup = F929CE1C224F15CB0080ACE3;
			productRefGroup = F929CE26224F15CB0080ACE3 /* Products */;
			projectDirPath = "";
			projectRoot = "";
			targets = (
				F929CE24224F15CB0080ACE3 /* EcoDrop */,
			);
		};
/* End PBXProject section */

/* Begin PBXResourcesBuildPhase section */
		F929CE23224F15CB0080ACE3 /* Resources */ = {
			isa = PBXResourcesBuildPhase;
			buildActionMask = 2147483647;
			files = (
				F929CE33224F15CE0080ACE3 /* LaunchScreen.storyboard in Resources */,
				F903D948224F3FDC0082B7E9 /* GoogleService-Info.plist in Resources */,
				F929CE30224F15CE0080ACE3 /* Assets.xcassets in Resources */,
				F929CE2E224F15CB0080ACE3 /* Main.storyboard in Resources */,
			);
			runOnlyForDeploymentPostprocessing = 0;
		};
/* End PBXResourcesBuildPhase section */

/* Begin PBXShellScriptBuildPhase section */
		105E947928CF4CD567A6EA13 /* [CP] Embed Pods Frameworks */ = {
			isa = PBXShellScriptBuildPhase;
			buildActionMask = 2147483647;
			files = (
			);
			inputFileListPaths = (
			);
			inputPaths = (
				"${SRCROOT}/Pods/Target Support Files/Pods-EcoDrop/Pods-EcoDrop-frameworks.sh",
				"${BUILT_PRODUCTS_DIR}/GTMSessionFetcher/GTMSessionFetcher.framework",
				"${BUILT_PRODUCTS_DIR}/GoogleUtilities/GoogleUtilities.framework",
				"${BUILT_PRODUCTS_DIR}/nanopb/nanopb.framework",
			);
			name = "[CP] Embed Pods Frameworks";
			outputFileListPaths = (
			);
			outputPaths = (
				"${TARGET_BUILD_DIR}/${FRAMEWORKS_FOLDER_PATH}/GTMSessionFetcher.framework",
				"${TARGET_BUILD_DIR}/${FRAMEWORKS_FOLDER_PATH}/GoogleUtilities.framework",
				"${TARGET_BUILD_DIR}/${FRAMEWORKS_FOLDER_PATH}/nanopb.framework",
			);
			runOnlyForDeploymentPostprocessing = 0;
			shellPath = /bin/sh;
			shellScript = "\"${SRCROOT}/Pods/Target Support Files/Pods-EcoDrop/Pods-EcoDrop-frameworks.sh\"\n";
			showEnvVarsInLog = 0;
		};
		5DCCFB1A9478551404B63B27 /* [CP] Check Pods Manifest.lock */ = {
			isa = PBXShellScriptBuildPhase;
			buildActionMask = 2147483647;
			files = (
			);
			inputFileListPaths = (
			);
			inputPaths = (
				"${PODS_PODFILE_DIR_PATH}/Podfile.lock",
				"${PODS_ROOT}/Manifest.lock",
			);
			name = "[CP] Check Pods Manifest.lock";
			outputFileListPaths = (
			);
			outputPaths = (
				"$(DERIVED_FILE_DIR)/Pods-EcoDrop-checkManifestLockResult.txt",
			);
			runOnlyForDeploymentPostprocessing = 0;
			shellPath = /bin/sh;
			shellScript = "diff \"${PODS_PODFILE_DIR_PATH}/Podfile.lock\" \"${PODS_ROOT}/Manifest.lock\" > /dev/null\nif [ $? != 0 ] ; then\n    # print error to STDERR\n    echo \"error: The sandbox is not in sync with the Podfile.lock. Run 'pod install' or update your CocoaPods installation.\" >&2\n    exit 1\nfi\n# This output is used by Xcode 'outputs' to avoid re-running this script phase.\necho \"SUCCESS\" > \"${SCRIPT_OUTPUT_FILE_0}\"\n";
			showEnvVarsInLog = 0;
		};
/* End PBXShellScriptBuildPhase section */

/* Begin PBXSourcesBuildPhase section */
		F929CE21224F15CB0080ACE3 /* Sources */ = {
			isa = PBXSourcesBuildPhase;
			buildActionMask = 2147483647;
			files = (
				F929CE2B224F15CB0080ACE3 /* ViewController.swift in Sources */,
				F9EF9B46224FFCF10084DA39 /* StartViewController.swift in Sources */,
				F9E1BC43224F8A7700DB0B0C /* SignUPViewController.swift in Sources */,
				F929CE29224F15CB0080ACE3 /* AppDelegate.swift in Sources */,
			);
			runOnlyForDeploymentPostprocessing = 0;
		};
/* End PBXSourcesBuildPhase section */

/* Begin PBXVariantGroup section */
		F929CE2C224F15CB0080ACE3 /* Main.storyboard */ = {
			isa = PBXVariantGroup;
			children = (
				F929CE2D224F15CB0080ACE3 /* Base */,
			);
			name = Main.storyboard;
			sourceTree = "<group>";
		};
		F929CE31224F15CE0080ACE3 /* LaunchScreen.storyboard */ = {
			isa = PBXVariantGroup;
			children = (
				F929CE32224F15CE0080ACE3 /* Base */,
			);
			name = LaunchScreen.storyboard;
			sourceTree = "<group>";
		};
/* End PBXVariantGroup section */

/* Begin XCBuildConfiguration section */
		F929CE35224F15CE0080ACE3 /* Debug */ = {
			isa = XCBuildConfiguration;
			buildSettings = {
				ALWAYS_SEARCH_USER_PATHS = NO;
				CLANG_ANALYZER_NONNULL = YES;
				CLANG_ANALYZER_NUMBER_OBJECT_CONVERSION = YES_AGGRESSIVE;
				CLANG_CXX_LANGUAGE_STANDARD = "gnu++14";
				CLANG_CXX_LIBRARY = "libc++";
				CLANG_ENABLE_MODULES = YES;
				CLANG_ENABLE_OBJC_ARC = YES;
				CLANG_ENABLE_OBJC_WEAK = YES;
				CLANG_WARN_BLOCK_CAPTURE_AUTORELEASING = YES;
				CLANG_WARN_BOOL_CONVERSION = YES;
				CLANG_WARN_COMMA = YES;
				CLANG_WARN_CONSTANT_CONVERSION = YES;
				CLANG_WARN_DEPRECATED_OBJC_IMPLEMENTATIONS = YES;
				CLANG_WARN_DIRECT_OBJC_ISA_USAGE = YES_ERROR;
				CLANG_WARN_DOCUMENTATION_COMMENTS = YES;
				CLANG_WARN_EMPTY_BODY = YES;
				CLANG_WARN_ENUM_CONVERSION = YES;
				CLANG_WARN_INFINITE_RECURSION = YES;
				CLANG_WARN_INT_CONVERSION = YES;
				CLANG_WARN_NON_LITERAL_NULL_CONVERSION = YES;
				CLANG_WARN_OBJC_IMPLICIT_RETAIN_SELF = YES;
				CLANG_WARN_OBJC_LITERAL_CONVERSION = YES;
				CLANG_WARN_OBJC_ROOT_CLASS = YES_ERROR;
				CLANG_WARN_RANGE_LOOP_ANALYSIS = YES;
				CLANG_WARN_STRICT_PROTOTYPES = YES;
				CLANG_WARN_SUSPICIOUS_MOVE = YES;
				CLANG_WARN_UNGUARDED_AVAILABILITY = YES_AGGRESSIVE;
				CLANG_WARN_UNREACHABLE_CODE = YES;
				CLANG_WARN__DUPLICATE_METHOD_MATCH = YES;
				CODE_SIGN_IDENTITY = "iPhone Developer";
				COPY_PHASE_STRIP = NO;
				DEBUG_INFORMATION_FORMAT = dwarf;
				ENABLE_STRICT_OBJC_MSGSEND = YES;
				ENABLE_TESTABILITY = YES;
				GCC_C_LANGUAGE_STANDARD = gnu11;
				GCC_DYNAMIC_NO_PIC = NO;
				GCC_NO_COMMON_BLOCKS = YES;
				GCC_OPTIMIZATION_LEVEL = 0;
				GCC_PREPROCESSOR_DEFINITIONS = (
					"DEBUG=1",
					"$(inherited)",
				);
				GCC_WARN_64_TO_32_BIT_CONVERSION = YES;
				GCC_WARN_ABOUT_RETURN_TYPE = YES_ERROR;
				GCC_WARN_UNDECLARED_SELECTOR = YES;
				GCC_WARN_UNINITIALIZED_AUTOS = YES_AGGRESSIVE;
				GCC_WARN_UNUSED_FUNCTION = YES;
				GCC_WARN_UNUSED_VARIABLE = YES;
				IPHONEOS_DEPLOYMENT_TARGET = 12.1;
				MTL_ENABLE_DEBUG_INFO = INCLUDE_SOURCE;
				MTL_FAST_MATH = YES;
				ONLY_ACTIVE_ARCH = YES;
				SDKROOT = iphoneos;
				SWIFT_ACTIVE_COMPILATION_CONDITIONS = DEBUG;
				SWIFT_OPTIMIZATION_LEVEL = "-Onone";
			};
			name = Debug;
		};
		F929CE36224F15CE0080ACE3 /* Release */ = {
			isa = XCBuildConfiguration;
			buildSettings = {
				ALWAYS_SEARCH_USER_PATHS = NO;
				CLANG_ANALYZER_NONNULL = YES;
				CLANG_ANALYZER_NUMBER_OBJECT_CONVERSION = YES_AGGRESSIVE;
				CLANG_CXX_LANGUAGE_STANDARD = "gnu++14";
				CLANG_CXX_LIBRARY = "libc++";
				CLANG_ENABLE_MODULES = YES;
				CLANG_ENABLE_OBJC_ARC = YES;
				CLANG_ENABLE_OBJC_WEAK = YES;
				CLANG_WARN_BLOCK_CAPTURE_AUTORELEASING = YES;
				CLANG_WARN_BOOL_CONVERSION = YES;
				CLANG_WARN_COMMA = YES;
				CLANG_WARN_CONSTANT_CONVERSION = YES;
				CLANG_WARN_DEPRECATED_OBJC_IMPLEMENTATIONS = YES;
				CLANG_WARN_DIRECT_OBJC_ISA_USAGE = YES_ERROR;
				CLANG_WARN_DOCUMENTATION_COMMENTS = YES;
				CLANG_WARN_EMPTY_BODY = YES;
				CLANG_WARN_ENUM_CONVERSION = YES;
				CLANG_WARN_INFINITE_RECURSION = YES;
				CLANG_WARN_INT_CONVERSION = YES;
				CLANG_WARN_NON_LITERAL_NULL_CONVERSION = YES;
				CLANG_WARN_OBJC_IMPLICIT_RETAIN_SELF = YES;
				CLANG_WARN_OBJC_LITERAL_CONVERSION = YES;
				CLANG_WARN_OBJC_ROOT_CLASS = YES_ERROR;
				CLANG_WARN_RANGE_LOOP_ANALYSIS = YES;
				CLANG_WARN_STRICT_PROTOTYPES = YES;
				CLANG_WARN_SUSPICIOUS_MOVE = YES;
				CLANG_WARN_UNGUARDED_AVAILABILITY = YES_AGGRESSIVE;
				CLANG_WARN_UNREACHABLE_CODE = YES;
				CLANG_WARN__DUPLICATE_METHOD_MATCH = YES;
				CODE_SIGN_IDENTITY = "iPhone Developer";
				COPY_PHASE_STRIP = NO;
				DEBUG_INFORMATION_FORMAT = "dwarf-with-dsym";
				ENABLE_NS_ASSERTIONS = NO;
				ENABLE_STRICT_OBJC_MSGSEND = YES;
				GCC_C_LANGUAGE_STANDARD = gnu11;
				GCC_NO_COMMON_BLOCKS = YES;
				GCC_WARN_64_TO_32_BIT_CONVERSION = YES;
				GCC_WARN_ABOUT_RETURN_TYPE = YES_ERROR;
				GCC_WARN_UNDECLARED_SELECTOR = YES;
				GCC_WARN_UNINITIALIZED_AUTOS = YES_AGGRESSIVE;
				GCC_WARN_UNUSED_FUNCTION = YES;
				GCC_WARN_UNUSED_VARIABLE = YES;
				IPHONEOS_DEPLOYMENT_TARGET = 12.1;
				MTL_ENABLE_DEBUG_INFO = NO;
				MTL_FAST_MATH = YES;
				SDKROOT = iphoneos;
				SWIFT_COMPILATION_MODE = wholemodule;
				SWIFT_OPTIMIZATION_LEVEL = "-O";
				VALIDATE_PRODUCT = YES;
			};
			name = Release;
		};
		F929CE38224F15CE0080ACE3 /* Debug */ = {
			isa = XCBuildConfiguration;
			baseConfigurationReference = 629443D072579E549FB5C3C0 /* Pods-EcoDrop.debug.xcconfig */;
			buildSettings = {
				ASSETCATALOG_COMPILER_APPICON_NAME = AppIcon;
				CODE_SIGN_STYLE = Automatic;
				DEVELOPMENT_TEAM = T68FBUQ2HW;
				INFOPLIST_FILE = EcoDrop/Info.plist;
				LD_RUNPATH_SEARCH_PATHS = (
					"$(inherited)",
					"@executable_path/Frameworks",
				);
				PRODUCT_BUNDLE_IDENTIFIER = com.eco.EcoDrop;
				PRODUCT_NAME = "$(TARGET_NAME)";
				SWIFT_VERSION = 4.2;
				TARGETED_DEVICE_FAMILY = "1,2";
			};
			name = Debug;
		};
		F929CE39224F15CE0080ACE3 /* Release */ = {
			isa = XCBuildConfiguration;
			baseConfigurationReference = 470E8CBF724019D221F2C442 /* Pods-EcoDrop.release.xcconfig */;
			buildSettings = {
				ASSETCATALOG_COMPILER_APPICON_NAME = AppIcon;
				CODE_SIGN_STYLE = Automatic;
				DEVELOPMENT_TEAM = T68FBUQ2HW;
				INFOPLIST_FILE = EcoDrop/Info.plist;
				LD_RUNPATH_SEARCH_PATHS = (
					"$(inherited)",
					"@executable_path/Frameworks",
				);
				PRODUCT_BUNDLE_IDENTIFIER = com.eco.EcoDrop;
				PRODUCT_NAME = "$(TARGET_NAME)";
				SWIFT_VERSION = 4.2;
				TARGETED_DEVICE_FAMILY = "1,2";
			};
			name = Release;
		};
/* End XCBuildConfiguration section */

/* Begin XCConfigurationList section */
		F929CE20224F15CB0080ACE3 /* Build configuration list for PBXProject "EcoDrop" */ = {
			isa = XCConfigurationList;
			buildConfigurations = (
				F929CE35224F15CE0080ACE3 /* Debug */,
				F929CE36224F15CE0080ACE3 /* Release */,
			);
			defaultConfigurationIsVisible = 0;
			defaultConfigurationName = Release;
		};
		F929CE37224F15CE0080ACE3 /* Build configuration list for PBXNativeTarget "EcoDrop" */ = {
			isa = XCConfigurationList;
			buildConfigurations = (
				F929CE38224F15CE0080ACE3 /* Debug */,
				F929CE39224F15CE0080ACE3 /* Release */,
			);
			defaultConfigurationIsVisible = 0;
			defaultConfigurationName = Release;
		};
/* End XCConfigurationList section */
	};
	rootObject = F929CE1D224F15CB0080ACE3 /* Project object */;
}
